
Microsoft Visual Studio Solution File, Format Version 12.00
# Visual Studio Version 17
VisualStudioVersion = 17.7.34024.191
MinimumVisualStudioVersion = 10.0.40219.1
Project("{9A19103F-16F7-4668-BE54-9A1E7A4F7556}") = "AmirHosein_Shop", "AmirHosein_Shop\AmirHosein_Shop.csproj", "{B0AFEB24-032A-4E8C-B1EC-2CCD03C54516}"
EndProject
Project("{9A19103F-16F7-4668-BE54-9A1E7A4F7556}") = "DataLayer", "DataLayer\DataLayer.csproj", "{3E7B4280-AA93-474C-B180-2DBF7C963E66}"
EndProject
Global
	GlobalSection(SolutionConfigurationPlatforms) = preSolution
		Debug|Any CPU = Debug|Any CPU
		Release|Any CPU = Release|Any CPU
	EndGlobalSection
	GlobalSection(ProjectConfigurationPlatforms) = postSolution
		{B0AFEB24-032A-4E8C-B1EC-2CCD03C54516}.Debug|Any CPU.ActiveCfg = Debug|Any CPU
		{B0AFEB24-032A-4E8C-B1EC-2CCD03C54516}.Debug|Any CPU.Build.0 = Debug|Any CPU
		{B0AFEB24-032A-4E8C-B1EC-2CCD03C54516}.Release|Any CPU.ActiveCfg = Release|Any CPU
		{B0AFEB24-032A-4E8C-B1EC-2CCD03C54516}.Release|Any CPU.Build.0 = Release|Any CPU
		{3E7B4280-AA93-474C-B180-2DBF7C963E66}.Debug|Any CPU.ActiveCfg = Debug|Any CPU
		{3E7B4280-AA93-474C-B180-2DBF7C963E66}.Debug|Any CPU.Build.0 = Debug|Any CPU
		{3E7B4280-AA93-474C-B180-2DBF7C963E66}.Release|Any CPU.ActiveCfg = Release|Any CPU
		{3E7B4280-AA93-474C-B180-2DBF7C963E66}.Release|Any CPU.Build.0 = Release|Any CPU
	EndGlobalSection
	GlobalSection(SolutionProperties) = preSolution
		HideSolutionNode = FALSE
	EndGlobalSection
	GlobalSection(ExtensibilityGlobals) = postSolution
		SolutionGuid = {8D6F9787-6238-4A23-9839-2FEF7FB9546F}
	EndGlobalSection
EndGlobal
